lockfileVersion: '6.0'

settings:
  autoInstallPeers: true
  excludeLinksFromLockfile: false

dependencies:
  sql.js:
    specifier: ^1.8.0
    version: 1.8.0

packages:

  /sql.js@1.8.0:
    resolution: {integrity: sha512-3HD8pSkZL+5YvYUI8nlvNILs61ALqq34xgmF+BHpqxe68yZIJ1H+sIVIODvni25+CcxHUxDyrTJUL0lE/m7afw==}
    dev: false
